
Microsoft Visual Studio Solution File, Format Version 12.00
# Visual Studio 2013
VisualStudioVersion = 12.0.21005.1
MinimumVisualStudioVersion = 10.0.40219.1
Project("{FAE04EC0-301F-11D3-BF4B-00C04F79EFBC}") = "IocDemo.Site", "IocDemo.Site\IocDemo.Site.csproj", "{3EEA38CB-E1C3-4924-BED0-AA86EF5F9753}"
EndProject
Project("{2150E333-8FDC-42A3-9474-1A3956D46DE8}") = "01.Dal", "01.Dal", "{75CF3EAF-858C-444C-AC36-8CFCF134F483}"
EndProject
Project("{2150E333-8FDC-42A3-9474-1A3956D46DE8}") = "02.Services", "02.Services", "{52A3A2BB-327F-48E7-8C1C-7B849DC98DB2}"
EndProject
Project("{2150E333-8FDC-42A3-9474-1A3956D46DE8}") = "03.Views", "03.Views", "{3EB9EC04-0D18-48EF-BEBA-0696A9EE16B0}"
EndProject
Project("{FAE04EC0-301F-11D3-BF4B-00C04F79EFBC}") = "IocDemo.IDao", "IocDemo.IDao\IocDemo.IDao.csproj", "{13A60003-BA94-4308-9FC8-07CBEAAE7B1A}"
EndProject
Project("{FAE04EC0-301F-11D3-BF4B-00C04F79EFBC}") = "IocDemo.Dao", "IocDemo.Dao\IocDemo.Dao.csproj", "{2293F405-84EC-4EDB-B157-29B3A70085D7}"
EndProject
Project("{FAE04EC0-301F-11D3-BF4B-00C04F79EFBC}") = "IocDemo.IService", "IocDemo.IService\IocDemo.IService.csproj", "{BFBFBFDF-C73A-4EB3-AE00-343DB67BE4CC}"
EndProject
Project("{FAE04EC0-301F-11D3-BF4B-00C04F79EFBC}") = "IocDemo.Service", "IocDemo.Service\IocDemo.Service.csproj", "{8E81ABD1-239A-4DB6-A6CE-FC5A2F35242E}"
EndProject
Project("{FAE04EC0-301F-11D3-BF4B-00C04F79EFBC}") = "IocDemo.DaoFactory", "IocDemo.DaoFactory\IocDemo.DaoFactory.csproj", "{5D7FB403-1732-401D-9750-F0B16DF999C7}"
EndProject
Project("{FAE04EC0-301F-11D3-BF4B-00C04F79EFBC}") = "IocDemo.ServiceFactory", "IocDemo.ServiceFactory\IocDemo.ServiceFactory.csproj", "{209B185F-737F-477C-B9EC-120BA2B20198}"
EndProject
Global
	GlobalSection(SolutionConfigurationPlatforms) = preSolution
		Debug|Any CPU = Debug|Any CPU
		Release|Any CPU = Release|Any CPU
	EndGlobalSection
	GlobalSection(ProjectConfigurationPlatforms) = postSolution
		{3EEA38CB-E1C3-4924-BED0-AA86EF5F9753}.Debug|Any CPU.ActiveCfg = Debug|Any CPU
		{3EEA38CB-E1C3-4924-BED0-AA86EF5F9753}.Debug|Any CPU.Build.0 = Debug|Any CPU
		{3EEA38CB-E1C3-4924-BED0-AA86EF5F9753}.Release|Any CPU.ActiveCfg = Release|Any CPU
		{3EEA38CB-E1C3-4924-BED0-AA86EF5F9753}.Release|Any CPU.Build.0 = Release|Any CPU
		{13A60003-BA94-4308-9FC8-07CBEAAE7B1A}.Debug|Any CPU.ActiveCfg = Debug|Any CPU
		{13A60003-BA94-4308-9FC8-07CBEAAE7B1A}.Debug|Any CPU.Build.0 = Debug|Any CPU
		{13A60003-BA94-4308-9FC8-07CBEAAE7B1A}.Release|Any CPU.ActiveCfg = Release|Any CPU
		{13A60003-BA94-4308-9FC8-07CBEAAE7B1A}.Release|Any CPU.Build.0 = Release|Any CPU
		{2293F405-84EC-4EDB-B157-29B3A70085D7}.Debug|Any CPU.ActiveCfg = Debug|Any CPU
		{2293F405-84EC-4EDB-B157-29B3A70085D7}.Debug|Any CPU.Build.0 = Debug|Any CPU
		{2293F405-84EC-4EDB-B157-29B3A70085D7}.Release|Any CPU.ActiveCfg = Release|Any CPU
		{2293F405-84EC-4EDB-B157-29B3A70085D7}.Release|Any CPU.Build.0 = Release|Any CPU
		{BFBFBFDF-C73A-4EB3-AE00-343DB67BE4CC}.Debug|Any CPU.ActiveCfg = Debug|Any CPU
		{BFBFBFDF-C73A-4EB3-AE00-343DB67BE4CC}.Debug|Any CPU.Build.0 = Debug|Any CPU
		{BFBFBFDF-C73A-4EB3-AE00-343DB67BE4CC}.Release|Any CPU.ActiveCfg = Release|Any CPU
		{BFBFBFDF-C73A-4EB3-AE00-343DB67BE4CC}.Release|Any CPU.Build.0 = Release|Any CPU
		{8E81ABD1-239A-4DB6-A6CE-FC5A2F35242E}.Debug|Any CPU.ActiveCfg = Debug|Any CPU
		{8E81ABD1-239A-4DB6-A6CE-FC5A2F35242E}.Debug|Any CPU.Build.0 = Debug|Any CPU
		{8E81ABD1-239A-4DB6-A6CE-FC5A2F35242E}.Release|Any CPU.ActiveCfg = Release|Any CPU
		{8E81ABD1-239A-4DB6-A6CE-FC5A2F35242E}.Release|Any CPU.Build.0 = Release|Any CPU
		{5D7FB403-1732-401D-9750-F0B16DF999C7}.Debug|Any CPU.ActiveCfg = Debug|Any CPU
		{5D7FB403-1732-401D-9750-F0B16DF999C7}.Debug|Any CPU.Build.0 = Debug|Any CPU
		{5D7FB403-1732-401D-9750-F0B16DF999C7}.Release|Any CPU.ActiveCfg = Release|Any CPU
		{5D7FB403-1732-401D-9750-F0B16DF999C7}.Release|Any CPU.Build.0 = Release|Any CPU
		{209B185F-737F-477C-B9EC-120BA2B20198}.Debug|Any CPU.ActiveCfg = Debug|Any CPU
		{209B185F-737F-477C-B9EC-120BA2B20198}.Debug|Any CPU.Build.0 = Debug|Any CPU
		{209B185F-737F-477C-B9EC-120BA2B20198}.Release|Any CPU.ActiveCfg = Release|Any CPU
		{209B185F-737F-477C-B9EC-120BA2B20198}.Release|Any CPU.Build.0 = Release|Any CPU
	EndGlobalSection
	GlobalSection(SolutionProperties) = preSolution
		HideSolutionNode = FALSE
	EndGlobalSection
	GlobalSection(NestedProjects) = preSolution
		{13A60003-BA94-4308-9FC8-07CBEAAE7B1A} = {75CF3EAF-858C-444C-AC36-8CFCF134F483}
		{2293F405-84EC-4EDB-B157-29B3A70085D7} = {75CF3EAF-858C-444C-AC36-8CFCF134F483}
		{5D7FB403-1732-401D-9750-F0B16DF999C7} = {75CF3EAF-858C-444C-AC36-8CFCF134F483}
		{BFBFBFDF-C73A-4EB3-AE00-343DB67BE4CC} = {52A3A2BB-327F-48E7-8C1C-7B849DC98DB2}
		{8E81ABD1-239A-4DB6-A6CE-FC5A2F35242E} = {52A3A2BB-327F-48E7-8C1C-7B849DC98DB2}
		{209B185F-737F-477C-B9EC-120BA2B20198} = {52A3A2BB-327F-48E7-8C1C-7B849DC98DB2}
		{3EEA38CB-E1C3-4924-BED0-AA86EF5F9753} = {3EB9EC04-0D18-48EF-BEBA-0696A9EE16B0}
	EndGlobalSection
EndGlobal
